// !$*UTF8*$!
{
	archiveVersion = 1;
	classes = {
	};
	objectVersion = 46;
	objects = {

/* Begin PBXBuildFile section */
		1EB60BC01B1485D78439855C /* libPods-ios_final.a in Frameworks */ = {isa = PBXBuildFile; fileRef = 78CB13C87DEB23A1B7398A16 /* libPods-ios_final.a */; };
		5A04027F1E32441600E56BDD /* main.m in Sources */ = {isa = PBXBuildFile; fileRef = 5A04027E1E32441600E56BDD /* main.m */; };
		5A0402821E32441600E56BDD /* AppDelegate.m in Sources */ = {isa = PBXBuildFile; fileRef = 5A0402811E32441600E56BDD /* AppDelegate.m */; };
		5A0402851E32441600E56BDD /* ViewController.m in Sources */ = {isa = PBXBuildFile; fileRef = 5A0402841E32441600E56BDD /* ViewController.m */; };
		5A0402881E32441600E56BDD /* Main.storyboard in Resources */ = {isa = PBXBuildFile; fileRef = 5A0402861E32441600E56BDD /* Main.storyboard */; };
		5A04028A1E32441600E56BDD /* Assets.xcassets in Resources */ = {isa = PBXBuildFile; fileRef = 5A0402891E32441600E56BDD /* Assets.xcassets */; };
		5A04028D1E32441600E56BDD /* LaunchScreen.storyboard in Resources */ = {isa = PBXBuildFile; fileRef = 5A04028B1E32441600E56BDD /* LaunchScreen.storyboard */; };
		5A0402981E32441600E56BDD /* ios_finalUITests.m in Sources */ = {isa = PBXBuildFile; fileRef = 5A0402971E32441600E56BDD /* ios_finalUITests.m */; };
		5A0402A51E3246BD00E56BDD /* GoogleService-Info.plist in Resources */ = {isa = PBXBuildFile; fileRef = 5A0402A41E3246BD00E56BDD /* GoogleService-Info.plist */; };
		5A0402A91E32477800E56BDD /* BaseInfo.m in Sources */ = {isa = PBXBuildFile; fileRef = 5A0402A81E32477800E56BDD /* BaseInfo.m */; };
		5A0402AF1E3247E400E56BDD /* UserInfo.m in Sources */ = {isa = PBXBuildFile; fileRef = 5A0402AE1E3247E400E56BDD /* UserInfo.m */; };
		5A0402B41E3248BE00E56BDD /* BaseView.m in Sources */ = {isa = PBXBuildFile; fileRef = 5A0402B31E3248BE00E56BDD /* BaseView.m */; };
		5A0402B81E3248EF00E56BDD /* BasePage.m in Sources */ = {isa = PBXBuildFile; fileRef = 5A0402B71E3248EF00E56BDD /* BasePage.m */; };
		5A0402BF1E32498400E56BDD /* LoginPage.m in Sources */ = {isa = PBXBuildFile; fileRef = 5A0402BD1E32498400E56BDD /* LoginPage.m */; };
		5A0402C01E32498400E56BDD /* LoginPage.xib in Resources */ = {isa = PBXBuildFile; fileRef = 5A0402BE1E32498400E56BDD /* LoginPage.xib */; };
		5A0402C41E32499800E56BDD /* HomePage.m in Sources */ = {isa = PBXBuildFile; fileRef = 5A0402C21E32499800E56BDD /* HomePage.m */; };
		5A0402CE1E324F3400E56BDD /* signinbackground.png in Resources */ = {isa = PBXBuildFile; fileRef = 5A0402CC1E324F3300E56BDD /* signinbackground.png */; };
		5A0402CF1E324F3400E56BDD /* loginbackground.png in Resources */ = {isa = PBXBuildFile; fileRef = 5A0402CD1E324F3400E56BDD /* loginbackground.png */; };
		5A0402D31E32501200E56BDD /* signinForm.png in Resources */ = {isa = PBXBuildFile; fileRef = 5A0402D21E32501200E56BDD /* signinForm.png */; };
		5A0402D71E32532100E56BDD /* signinbutton.png in Resources */ = {isa = PBXBuildFile; fileRef = 5A0402D41E32532100E56BDD /* signinbutton.png */; };
		5A0402D81E32532100E56BDD /* LoginButtonLarge.png in Resources */ = {isa = PBXBuildFile; fileRef = 5A0402D51E32532100E56BDD /* LoginButtonLarge.png */; };
		5A0402D91E32532100E56BDD /* SignupButtonLarge.png in Resources */ = {isa = PBXBuildFile; fileRef = 5A0402D61E32532100E56BDD /* SignupButtonLarge.png */; };
		5A0402DD1E32590500E56BDD /* GlobalInfo.m in Sources */ = {isa = PBXBuildFile; fileRef = 5A0402DC1E32590500E56BDD /* GlobalInfo.m */; };
		5A0402E01E326F7600E56BDD /* navgationbar.png in Resources */ = {isa = PBXBuildFile; fileRef = 5A0402DF1E326F7600E56BDD /* navgationbar.png */; };
		5A0402EE1E32748B00E56BDD /* PageInfo.m in Sources */ = {isa = PBXBuildFile; fileRef = 5A0402ED1E32748B00E56BDD /* PageInfo.m */; };
		5A0402F11E327C2900E56BDD /* TabBarPages.plist in Resources */ = {isa = PBXBuildFile; fileRef = 5A0402F01E327C2900E56BDD /* TabBarPages.plist */; };
		5A0402F41E328AC400E56BDD /* PicPages.m in Sources */ = {isa = PBXBuildFile; fileRef = 5A0402F31E328AC400E56BDD /* PicPages.m */; };
		5A0402F71E329ACC00E56BDD /* CoreLocation.framework in Frameworks */ = {isa = PBXBuildFile; fileRef = 5A0402F61E329ACC00E56BDD /* CoreLocation.framework */; };
		5A0402FA1E32A88300E56BDD /* Location.m in Sources */ = {isa = PBXBuildFile; fileRef = 5A0402F91E32A88300E56BDD /* Location.m */; };
		5A0402FC1E32D3FD00E56BDD /* tarbar.png in Resources */ = {isa = PBXBuildFile; fileRef = 5A0402FB1E32D3FD00E56BDD /* tarbar.png */; };
		5A0402FE1E32D5B200E56BDD /* tarbar1.png in Resources */ = {isa = PBXBuildFile; fileRef = 5A0402FD1E32D5B200E56BDD /* tarbar1.png */; };
		5A0403061E32D82400E56BDD /* icon_fire_tab.png in Resources */ = {isa = PBXBuildFile; fileRef = 5A0403001E32D82300E56BDD /* icon_fire_tab.png */; };
		5A0403071E32D82400E56BDD /* icon_fire.png in Resources */ = {isa = PBXBuildFile; fileRef = 5A0403011E32D82300E56BDD /* icon_fire.png */; };
		5A0403081E32D82400E56BDD /* icon_me_tab.png in Resources */ = {isa = PBXBuildFile; fileRef = 5A0403021E32D82300E56BDD /* icon_me_tab.png */; };
		5A0403091E32D82400E56BDD /* icon_me.png in Resources */ = {isa = PBXBuildFile; fileRef = 5A0403031E32D82300E56BDD /* icon_me.png */; };
		5A04030A1E32D82400E56BDD /* icon_star_tab.png in Resources */ = {isa = PBXBuildFile; fileRef = 5A0403041E32D82300E56BDD /* icon_star_tab.png */; };
		5A04030B1E32D82400E56BDD /* icon_star.png in Resources */ = {isa = PBXBuildFile; fileRef = 5A0403051E32D82300E56BDD /* icon_star.png */; };
		5A04030E1E32D92700E56BDD /* mePage.m in Sources */ = {isa = PBXBuildFile; fileRef = 5A04030D1E32D92700E56BDD /* mePage.m */; };
		5A0403111E32D95400E56BDD /* gamePage.m in Sources */ = {isa = PBXBuildFile; fileRef = 5A0403101E32D95400E56BDD /* gamePage.m */; };
		5A0403131E32F12000E56BDD /* location_button.png in Resources */ = {isa = PBXBuildFile; fileRef = 5A0403121E32F12000E56BDD /* location_button.png */; };
		5A0403161E330BDE00E56BDD /* PicsInfo.m in Sources */ = {isa = PBXBuildFile; fileRef = 5A0403151E330BDE00E56BDD /* PicsInfo.m */; };
		5A04031A1E33816800E56BDD /* PostPage.m in Sources */ = {isa = PBXBuildFile; fileRef = 5A0403181E33816800E56BDD /* PostPage.m */; };
		5A04031B1E33816800E56BDD /* PostPage.xib in Resources */ = {isa = PBXBuildFile; fileRef = 5A0403191E33816800E56BDD /* PostPage.xib */; };
		5A04031D1E338ABF00E56BDD /* Content.html in Resources */ = {isa = PBXBuildFile; fileRef = 5A04031C1E338ABF00E56BDD /* Content.html */; };
		5A04031F1E33D61600E56BDD /* Post_backgoud.png in Resources */ = {isa = PBXBuildFile; fileRef = 5A04031E1E33D61600E56BDD /* Post_backgoud.png */; };
		5A0403271E33DC7400E56BDD /* Add Photo.png in Resources */ = {isa = PBXBuildFile; fileRef = 5A0403261E33DC7400E56BDD /* Add Photo.png */; };
		5A04032C1E349CEC00E56BDD /* BaseWidget.m in Sources */ = {isa = PBXBuildFile; fileRef = 5A04032B1E349CEC00E56BDD /* BaseWidget.m */; };
		5A0403301E349D1B00E56BDD /* TableWidget.m in Sources */ = {isa = PBXBuildFile; fileRef = 5A04032E1E349D1B00E56BDD /* TableWidget.m */; };
		5A0403311E349D1B00E56BDD /* TableWidget.xib in Resources */ = {isa = PBXBuildFile; fileRef = 5A04032F1E349D1B00E56BDD /* TableWidget.xib */; };
		EBBC89E66C5D416F2A2D0BB2 /* libPods-ios_finalUITests.a in Frameworks */ = {isa = PBXBuildFile; fileRef = EBADC668608ADBE3DDDFA527 /* libPods-ios_finalUITests.a */; };
/* End PBXBuildFile section */

/* Begin PBXContainerItemProxy section */
		5A0402941E32441600E56BDD /* PBXContainerItemProxy */ = {
			isa = PBXContainerItemProxy;
			containerPortal = 5A0402721E32441600E56BDD /* Project object */;
			proxyType = 1;
			remoteGlobalIDString = 5A0402791E32441600E56BDD;
			remoteInfo = ios_final;
		};
/* End PBXContainerItemProxy section */

/* Begin PBXFileReference section */
		5A04027A1E32441600E56BDD /* ios_final.app */ = {isa = PBXFileReference; explicitFileType = wrapper.application; includeInIndex = 0; path = ios_final.app; sourceTree = BUILT_PRODUCTS_DIR; };
		5A04027E1E32441600E56BDD /* main.m */ = {isa = PBXFileReference; lastKnownFileType = sourcecode.c.objc; path = main.m; sourceTree = "<group>"; };
		5A0402801E32441600E56BDD /* AppDelegate.h */ = {isa = PBXFileReference; lastKnownFileType = sourcecode.c.h; path = AppDelegate.h; sourceTree = "<group>"; };
		5A0402811E32441600E56BDD /* AppDelegate.m */ = {isa = PBXFileReference; lastKnownFileType = sourcecode.c.objc; path = AppDelegate.m; sourceTree = "<group>"; };
		5A0402831E32441600E56BDD /* ViewController.h */ = {isa = PBXFileReference; lastKnownFileType = sourcecode.c.h; path = ViewController.h; sourceTree = "<group>"; };
		5A0402841E32441600E56BDD /* ViewController.m */ = {isa = PBXFileReference; lastKnownFileType = sourcecode.c.objc; path = ViewController.m; sourceTree = "<group>"; };
		5A0402871E32441600E56BDD /* Base */ = {isa = PBXFileReference; lastKnownFileType = file.storyboard; name = Base; path = Base.lproj/Main.storyboard; sourceTree = "<group>"; };
		5A0402891E32441600E56BDD /* Assets.xcassets */ = {isa = PBXFileReference; lastKnownFileType = folder.assetcatalog; path = Assets.xcassets; sourceTree = "<group>"; };
		5A04028C1E32441600E56BDD /* Base */ = {isa = PBXFileReference; lastKnownFileType = file.storyboard; name = Base; path = Base.lproj/LaunchScreen.storyboard; sourceTree = "<group>"; };
		5A04028E1E32441600E56BDD /* Info.plist */ = {isa = PBXFileReference; lastKnownFileType = text.plist.xml; path = Info.plist; sourceTree = "<group>"; };
		5A0402931E32441600E56BDD /* ios_finalUITests.xctest */ = {isa = PBXFileReference; explicitFileType = wrapper.cfbundle; includeInIndex = 0; path = ios_finalUITests.xctest; sourceTree = BUILT_PRODUCTS_DIR; };
		5A0402971E32441600E56BDD /* ios_finalUITests.m */ = {isa = PBXFileReference; lastKnownFileType = sourcecode.c.objc; path = ios_finalUITests.m; sourceTree = "<group>"; };
		5A0402991E32441600E56BDD /* Info.plist */ = {isa = PBXFileReference; lastKnownFileType = text.plist.xml; path = Info.plist; sourceTree = "<group>"; };
		5A0402A41E3246BD00E56BDD /* GoogleService-Info.plist */ = {isa = PBXFileReference; fileEncoding = 4; lastKnownFileType = text.plist.xml; path = "GoogleService-Info.plist"; sourceTree = "<group>"; };
		5A0402A71E32477800E56BDD /* BaseInfo.h */ = {isa = PBXFileReference; fileEncoding = 4; lastKnownFileType = sourcecode.c.h; path = BaseInfo.h; sourceTree = "<group>"; };
		5A0402A81E32477800E56BDD /* BaseInfo.m */ = {isa = PBXFileReference; fileEncoding = 4; lastKnownFileType = sourcecode.c.objc; path = BaseInfo.m; sourceTree = "<group>"; };
		5A0402AD1E3247E400E56BDD /* UserInfo.h */ = {isa = PBXFileReference; fileEncoding = 4; lastKnownFileType = sourcecode.c.h; path = UserInfo.h; sourceTree = "<group>"; };
		5A0402AE1E3247E400E56BDD /* UserInfo.m */ = {isa = PBXFileReference; fileEncoding = 4; lastKnownFileType = sourcecode.c.objc; path = UserInfo.m; sourceTree = "<group>"; };
		5A0402B21E3248BE00E56BDD /* BaseView.h */ = {isa = PBXFileReference; fileEncoding = 4; lastKnownFileType = sourcecode.c.h; path = BaseView.h; sourceTree = "<group>"; };
		5A0402B31E3248BE00E56BDD /* BaseView.m */ = {isa = PBXFileReference; fileEncoding = 4; lastKnownFileType = sourcecode.c.objc; path = BaseView.m; sourceTree = "<group>"; };
		5A0402B61E3248EF00E56BDD /* BasePage.h */ = {isa = PBXFileReference; fileEncoding = 4; lastKnownFileType = sourcecode.c.h; path = BasePage.h; sourceTree = "<group>"; };
		5A0402B71E3248EF00E56BDD /* BasePage.m */ = {isa = PBXFileReference; fileEncoding = 4; lastKnownFileType = sourcecode.c.objc; path = BasePage.m; sourceTree = "<group>"; };
		5A0402BC1E32498400E56BDD /* LoginPage.h */ = {isa = PBXFileReference; fileEncoding = 4; lastKnownFileType = sourcecode.c.h; path = LoginPage.h; sourceTree = "<group>"; };
		5A0402BD1E32498400E56BDD /* LoginPage.m */ = {isa = PBXFileReference; fileEncoding = 4; lastKnownFileType = sourcecode.c.objc; path = LoginPage.m; sourceTree = "<group>"; };
		5A0402BE1E32498400E56BDD /* LoginPage.xib */ = {isa = PBXFileReference; fileEncoding = 4; lastKnownFileType = file.xib; path = LoginPage.xib; sourceTree = "<group>"; };
		5A0402C11E32499800E56BDD /* HomePage.h */ = {isa = PBXFileReference; fileEncoding = 4; lastKnownFileType = sourcecode.c.h; path = HomePage.h; sourceTree = "<group>"; };
		5A0402C21E32499800E56BDD /* HomePage.m */ = {isa = PBXFileReference; fileEncoding = 4; lastKnownFileType = sourcecode.c.objc; path = HomePage.m; sourceTree = "<group>"; };
		5A0402C61E324A0C00E56BDD /* Defines.h */ = {isa = PBXFileReference; fileEncoding = 4; lastKnownFileType = sourcecode.c.h; path = Defines.h; sourceTree = "<group>"; };
		5A0402CC1E324F3300E56BDD /* signinbackground.png */ = {isa = PBXFileReference; lastKnownFileType = image.png; name = signinbackground.png; path = ../../images/signinbackground.png; sourceTree = "<group>"; };
		5A0402CD1E324F3400E56BDD /* loginbackground.png */ = {isa = PBXFileReference; lastKnownFileType = image.png; name = loginbackground.png; path = ../../images/loginbackground.png; sourceTree = "<group>"; };
		5A0402D21E32501200E56BDD /* signinForm.png */ = {isa = PBXFileReference; lastKnownFileType = image.png; name = signinForm.png; path = ../../images/signinForm.png; sourceTree = "<group>"; };
		5A0402D41E32532100E56BDD /* signinbutton.png */ = {isa = PBXFileReference; lastKnownFileType = image.png; name = signinbutton.png; path = ../../images/signinbutton.png; sourceTree = "<group>"; };
		5A0402D51E32532100E56BDD /* LoginButtonLarge.png */ = {isa = PBXFileReference; lastKnownFileType = image.png; name = LoginButtonLarge.png; path = ../../images/LoginButtonLarge.png; sourceTree = "<group>"; };
		5A0402D61E32532100E56BDD /* SignupButtonLarge.png */ = {isa = PBXFileReference; lastKnownFileType = image.png; name = SignupButtonLarge.png; path = ../../images/SignupButtonLarge.png; sourceTree = "<group>"; };
		5A0402DB1E32590500E56BDD /* GlobalInfo.h */ = {isa = PBXFileReference; fileEncoding = 4; lastKnownFileType = sourcecode.c.h; path = GlobalInfo.h; sourceTree = "<group>"; };
		5A0402DC1E32590500E56BDD /* GlobalInfo.m */ = {isa = PBXFileReference; fileEncoding = 4; lastKnownFileType = sourcecode.c.objc; path = GlobalInfo.m; sourceTree = "<group>"; };
		5A0402DF1E326F7600E56BDD /* navgationbar.png */ = {isa = PBXFileReference; lastKnownFileType = image.png; name = navgationbar.png; path = ../../images/navgationbar.png; sourceTree = "<group>"; };
		5A0402EC1E32748B00E56BDD /* PageInfo.h */ = {isa = PBXFileReference; fileEncoding = 4; lastKnownFileType = sourcecode.c.h; path = PageInfo.h; sourceTree = "<group>"; };
		5A0402ED1E32748B00E56BDD /* PageInfo.m */ = {isa = PBXFileReference; fileEncoding = 4; lastKnownFileType = sourcecode.c.objc; path = PageInfo.m; sourceTree = "<group>"; };
		5A0402F01E327C2900E56BDD /* TabBarPages.plist */ = {isa = PBXFileReference; fileEncoding = 4; lastKnownFileType = text.plist.xml; path = TabBarPages.plist; sourceTree = "<group>"; };
		5A0402F21E328AC400E56BDD /* PicPages.h */ = {isa = PBXFileReference; fileEncoding = 4; lastKnownFileType = sourcecode.c.h; path = PicPages.h; sourceTree = "<group>"; };
		5A0402F31E328AC400E56BDD /* PicPages.m */ = {isa = PBXFileReference; fileEncoding = 4; lastKnownFileType = sourcecode.c.objc; path = PicPages.m; sourceTree = "<group>"; };
		5A0402F61E329ACC00E56BDD /* CoreLocation.framework */ = {isa = PBXFileReference; lastKnownFileType = wrapper.framework; name = CoreLocation.framework; path = System/Library/Frameworks/CoreLocation.framework; sourceTree = SDKROOT; };
		5A0402F81E32A88300E56BDD /* Location.h */ = {isa = PBXFileReference; fileEncoding = 4; lastKnownFileType = sourcecode.c.h; path = Location.h; sourceTree = "<group>"; };
		5A0402F91E32A88300E56BDD /* Location.m */ = {isa = PBXFileReference; fileEncoding = 4; lastKnownFileType = sourcecode.c.objc; path = Location.m; sourceTree = "<group>"; };
		5A0402FB1E32D3FD00E56BDD /* tarbar.png */ = {isa = PBXFileReference; lastKnownFileType = image.png; name = tarbar.png; path = ../../images/tarbar.png; sourceTree = "<group>"; };
		5A0402FD1E32D5B200E56BDD /* tarbar1.png */ = {isa = PBXFileReference; lastKnownFileType = image.png; name = tarbar1.png; path = ../../images/tarbar1.png; sourceTree = "<group>"; };
		5A0403001E32D82300E56BDD /* icon_fire_tab.png */ = {isa = PBXFileReference; lastKnownFileType = image.png; name = icon_fire_tab.png; path = ../../images/icon_fire_tab.png; sourceTree = "<group>"; };
		5A0403011E32D82300E56BDD /* icon_fire.png */ = {isa = PBXFileReference; lastKnownFileType = image.png; name = icon_fire.png; path = ../../images/icon_fire.png; sourceTree = "<group>"; };
		5A0403021E32D82300E56BDD /* icon_me_tab.png */ = {isa = PBXFileReference; lastKnownFileType = image.png; name = icon_me_tab.png; path = ../../images/icon_me_tab.png; sourceTree = "<group>"; };
		5A0403031E32D82300E56BDD /* icon_me.png */ = {isa = PBXFileReference; lastKnownFileType = image.png; name = icon_me.png; path = ../../images/icon_me.png; sourceTree = "<group>"; };
		5A0403041E32D82300E56BDD /* icon_star_tab.png */ = {isa = PBXFileReference; lastKnownFileType = image.png; name = icon_star_tab.png; path = ../../images/icon_star_tab.png; sourceTree = "<group>"; };
		5A0403051E32D82300E56BDD /* icon_star.png */ = {isa = PBXFileReference; lastKnownFileType = image.png; name = icon_star.png; path = ../../images/icon_star.png; sourceTree = "<group>"; };
		5A04030C1E32D92700E56BDD /* mePage.h */ = {isa = PBXFileReference; fileEncoding = 4; lastKnownFileType = sourcecode.c.h; path = mePage.h; sourceTree = "<group>"; };
		5A04030D1E32D92700E56BDD /* mePage.m */ = {isa = PBXFileReference; fileEncoding = 4; lastKnownFileType = sourcecode.c.objc; path = mePage.m; sourceTree = "<group>"; };
		5A04030F1E32D95400E56BDD /* gamePage.h */ = {isa = PBXFileReference; fileEncoding = 4; lastKnownFileType = sourcecode.c.h; path = gamePage.h; sourceTree = "<group>"; };
		5A0403101E32D95400E56BDD /* gamePage.m */ = {isa = PBXFileReference; fileEncoding = 4; lastKnownFileType = sourcecode.c.objc; path = gamePage.m; sourceTree = "<group>"; };
		5A0403121E32F12000E56BDD /* location_button.png */ = {isa = PBXFileReference; lastKnownFileType = image.png; name = location_button.png; path = ../../images/location_button.png; sourceTree = "<group>"; };
		5A0403141E330BDE00E56BDD /* PicsInfo.h */ = {isa = PBXFileReference; fileEncoding = 4; lastKnownFileType = sourcecode.c.h; path = PicsInfo.h; sourceTree = "<group>"; };
		5A0403151E330BDE00E56BDD /* PicsInfo.m */ = {isa = PBXFileReference; fileEncoding = 4; lastKnownFileType = sourcecode.c.objc; path = PicsInfo.m; sourceTree = "<group>"; };
		5A0403171E33816800E56BDD /* PostPage.h */ = {isa = PBXFileReference; fileEncoding = 4; lastKnownFileType = sourcecode.c.h; path = PostPage.h; sourceTree = "<group>"; };
		5A0403181E33816800E56BDD /* PostPage.m */ = {isa = PBXFileReference; fileEncoding = 4; lastKnownFileType = sourcecode.c.objc; path = PostPage.m; sourceTree = "<group>"; };
		5A0403191E33816800E56BDD /* PostPage.xib */ = {isa = PBXFileReference; fileEncoding = 4; lastKnownFileType = file.xib; path = PostPage.xib; sourceTree = "<group>"; };
		5A04031C1E338ABF00E56BDD /* Content.html */ = {isa = PBXFileReference; fileEncoding = 4; lastKnownFileType = text.html; path = Content.html; sourceTree = "<group>"; };
		5A04031E1E33D61600E56BDD /* Post_backgoud.png */ = {isa = PBXFileReference; lastKnownFileType = image.png; path = Post_backgoud.png; sourceTree = "<group>"; };
		5A0403261E33DC7400E56BDD /* Add Photo.png */ = {isa = PBXFileReference; lastKnownFileType = image.png; path = "Add Photo.png"; sourceTree = "<group>"; };
		5A04032A1E349CEC00E56BDD /* BaseWidget.h */ = {isa = PBXFileReference; fileEncoding = 4; lastKnownFileType = sourcecode.c.h; path = BaseWidget.h; sourceTree = "<group>"; };
		5A04032B1E349CEC00E56BDD /* BaseWidget.m */ = {isa = PBXFileReference; fileEncoding = 4; lastKnownFileType = sourcecode.c.objc; path = BaseWidget.m; sourceTree = "<group>"; };
		5A04032D1E349D1B00E56BDD /* TableWidget.h */ = {isa = PBXFileReference; fileEncoding = 4; lastKnownFileType = sourcecode.c.h; path = TableWidget.h; sourceTree = "<group>"; };
		5A04032E1E349D1B00E56BDD /* TableWidget.m */ = {isa = PBXFileReference; fileEncoding = 4; lastKnownFileType = sourcecode.c.objc; path = TableWidget.m; sourceTree = "<group>"; };
		5A04032F1E349D1B00E56BDD /* TableWidget.xib */ = {isa = PBXFileReference; fileEncoding = 4; lastKnownFileType = file.xib; path = TableWidget.xib; sourceTree = "<group>"; };
		78CB13C87DEB23A1B7398A16 /* libPods-ios_final.a */ = {isa = PBXFileReference; explicitFileType = archive.ar; includeInIndex = 0; path = "libPods-ios_final.a"; sourceTree = BUILT_PRODUCTS_DIR; };
		A810EBB5CDFC7BB1CFC46EF3 /* Pods-ios_final.debug.xcconfig */ = {isa = PBXFileReference; includeInIndex = 1; lastKnownFileType = text.xcconfig; name = "Pods-ios_final.debug.xcconfig"; path = "Pods/Target Support Files/Pods-ios_final/Pods-ios_final.debug.xcconfig"; sourceTree = "<group>"; };
		E38872929650A2F3548D7ED1 /* Pods-ios_finalUITests.debug.xcconfig */ = {isa = PBXFileReference; includeInIndex = 1; lastKnownFileType = text.xcconfig; name = "Pods-ios_finalUITests.debug.xcconfig"; path = "Pods/Target Support Files/Pods-ios_finalUITests/Pods-ios_finalUITests.debug.xcconfig"; sourceTree = "<group>"; };
		EBADC668608ADBE3DDDFA527 /* libPods-ios_finalUITests.a */ = {isa = PBXFileReference; explicitFileType = archive.ar; includeInIndex = 0; path = "libPods-ios_finalUITests.a"; sourceTree = BUILT_PRODUCTS_DIR; };
		EF048D7B23684E6EAA257763 /* Pods-ios_final.release.xcconfig */ = {isa = PBXFileReference; includeInIndex = 1; lastKnownFileType = text.xcconfig; name = "Pods-ios_final.release.xcconfig"; path = "Pods/Target Support Files/Pods-ios_final/Pods-ios_final.release.xcconfig"; sourceTree = "<group>"; };
		F565635C7A5DDAC4E13B15CB /* Pods-ios_finalUITests.release.xcconfig */ = {isa = PBXFileReference; includeInIndex = 1; lastKnownFileType = text.xcconfig; name = "Pods-ios_finalUITests.release.xcconfig"; path = "Pods/Target Support Files/Pods-ios_finalUITests/Pods-ios_finalUITests.release.xcconfig"; sourceTree = "<group>"; };
/* End PBXFileReference section */

/* Begin PBXFrameworksBuildPhase section */
		5A0402771E32441600E56BDD /* Frameworks */ = {
			isa = PBXFrameworksBuildPhase;
			buildActionMask = 2147483647;
			files = (
				5A0402F71E329ACC00E56BDD /* CoreLocation.framework in Frameworks */,
				1EB60BC01B1485D78439855C /* libPods-ios_final.a in Frameworks */,
			);
			runOnlyForDeploymentPostprocessing = 0;
		};
		5A0402901E32441600E56BDD /* Frameworks */ = {
			isa = PBXFrameworksBuildPhase;
			buildActionMask = 2147483647;
			files = (
				EBBC89E66C5D416F2A2D0BB2 /* libPods-ios_finalUITests.a in Frameworks */,
			);
			runOnlyForDeploymentPostprocessing = 0;
		};
/* End PBXFrameworksBuildPhase section */

/* Begin PBXGroup section */
		4B334C5CBD8536777B3DDD5E /* Pods */ = {
			isa = PBXGroup;
			children = (
				A810EBB5CDFC7BB1CFC46EF3 /* Pods-ios_final.debug.xcconfig */,
				EF048D7B23684E6EAA257763 /* Pods-ios_final.release.xcconfig */,
				E38872929650A2F3548D7ED1 /* Pods-ios_finalUITests.debug.xcconfig */,
				F565635C7A5DDAC4E13B15CB /* Pods-ios_finalUITests.release.xcconfig */,
			);
			name = Pods;
			sourceTree = "<group>";
		};
		5A0402711E32441600E56BDD = {
			isa = PBXGroup;
			children = (
				5A04027C1E32441600E56BDD /* ios_final */,
				5A0402961E32441600E56BDD /* ios_finalUITests */,
				5A04027B1E32441600E56BDD /* Products */,
				4B334C5CBD8536777B3DDD5E /* Pods */,
				656779FA9DCB854F9A4501AD /* Frameworks */,
			);
			sourceTree = "<group>";
		};
		5A04027B1E32441600E56BDD /* Products */ = {
			isa = PBXGroup;
			children = (
				5A04027A1E32441600E56BDD /* ios_final.app */,
				5A0402931E32441600E56BDD /* ios_finalUITests.xctest */,
			);
			name = Products;
			sourceTree = "<group>";
		};
		5A04027C1E32441600E56BDD /* ios_final */ = {
			isa = PBXGroup;
			children = (
				5A0402DA1E3258C000E56BDD /* Global */,
				5A0402B11E32488600E56BDD /* View */,
				5A0402B01E32487000E56BDD /* Operation */,
				5A0402A61E3246CC00E56BDD /* Rescource */,
				5A0402A31E32461700E56BDD /* Model */,
				5A0402A21E3245B000E56BDD /* Define */,
				5A04027D1E32441600E56BDD /* Supporting Files */,
			);
			path = ios_final;
			sourceTree = "<group>";
		};
		5A04027D1E32441600E56BDD /* Supporting Files */ = {
			isa = PBXGroup;
			children = (
				5A0402A41E3246BD00E56BDD /* GoogleService-Info.plist */,
				5A04028E1E32441600E56BDD /* Info.plist */,
				5A04027E1E32441600E56BDD /* main.m */,
			);
			name = "Supporting Files";
			sourceTree = "<group>";
		};
		5A0402961E32441600E56BDD /* ios_finalUITests */ = {
			isa = PBXGroup;
			children = (
				5A0402971E32441600E56BDD /* ios_finalUITests.m */,
				5A0402991E32441600E56BDD /* Info.plist */,
			);
			path = ios_finalUITests;
			sourceTree = "<group>";
		};
		5A0402A21E3245B000E56BDD /* Define */ = {
			isa = PBXGroup;
			children = (
				5A0402C61E324A0C00E56BDD /* Defines.h */,
				5A0402801E32441600E56BDD /* AppDelegate.h */,
				5A0402811E32441600E56BDD /* AppDelegate.m */,
				5A0402831E32441600E56BDD /* ViewController.h */,
				5A0402841E32441600E56BDD /* ViewController.m */,
			);
			name = Define;
			sourceTree = "<group>";
		};
		5A0402A31E32461700E56BDD /* Model */ = {
			isa = PBXGroup;
			children = (
				5A0402A71E32477800E56BDD /* BaseInfo.h */,
				5A0402A81E32477800E56BDD /* BaseInfo.m */,
				5A0402AD1E3247E400E56BDD /* UserInfo.h */,
				5A0402AE1E3247E400E56BDD /* UserInfo.m */,
				5A0402EC1E32748B00E56BDD /* PageInfo.h */,
				5A0402ED1E32748B00E56BDD /* PageInfo.m */,
				5A0403141E330BDE00E56BDD /* PicsInfo.h */,
				5A0403151E330BDE00E56BDD /* PicsInfo.m */,
			);
			name = Model;
			sourceTree = "<group>";
		};
		5A0402A61E3246CC00E56BDD /* Rescource */ = {
			isa = PBXGroup;
			children = (
				5A0402EF1E327BE300E56BDD /* config */,
				5A0402CA1E324BF800E56BDD /* Xib */,
				5A0402C91E324B7500E56BDD /* images */,
				5A04028B1E32441600E56BDD /* LaunchScreen.storyboard */,
				5A04031C1E338ABF00E56BDD /* Content.html */,
				5A0402891E32441600E56BDD /* Assets.xcassets */,
				5A0402861E32441600E56BDD /* Main.storyboard */,
			);
			name = Rescource;
			sourceTree = "<group>";
		};
		5A0402B01E32487000E56BDD /* Operation */ = {
			isa = PBXGroup;
			children = (
			);
			name = Operation;
			sourceTree = "<group>";
		};
		5A0402B11E32488600E56BDD /* View */ = {
			isa = PBXGroup;
			children = (
				5A0402B21E3248BE00E56BDD /* BaseView.h */,
				5A0402B31E3248BE00E56BDD /* BaseView.m */,
				5A0403281E349BC900E56BDD /* Cell */,
				5A0403291E349C3F00E56BDD /* Widget */,
				5A0402B51E3248C400E56BDD /* Pages */,
			);
			name = View;
			sourceTree = "<group>";
		};
		5A0402B51E3248C400E56BDD /* Pages */ = {
			isa = PBXGroup;
			children = (
				5A0402B61E3248EF00E56BDD /* BasePage.h */,
				5A0402B71E3248EF00E56BDD /* BasePage.m */,
				5A0402BC1E32498400E56BDD /* LoginPage.h */,
				5A0402BD1E32498400E56BDD /* LoginPage.m */,
				5A0402C11E32499800E56BDD /* HomePage.h */,
				5A0402C21E32499800E56BDD /* HomePage.m */,
				5A0402F21E328AC400E56BDD /* PicPages.h */,
				5A0402F31E328AC400E56BDD /* PicPages.m */,
				5A04030C1E32D92700E56BDD /* mePage.h */,
				5A04030D1E32D92700E56BDD /* mePage.m */,
				5A04030F1E32D95400E56BDD /* gamePage.h */,
				5A0403101E32D95400E56BDD /* gamePage.m */,
				5A0403171E33816800E56BDD /* PostPage.h */,
				5A0403181E33816800E56BDD /* PostPage.m */,
			);
			name = Pages;
			sourceTree = "<group>";
		};
		5A0402C91E324B7500E56BDD /* images */ = {
			isa = PBXGroup;
			children = (
				5A0402FF1E32D80500E56BDD /* icon */,
				5A0402E11E326FD600E56BDD /* TabBar */,
				5A0402DE1E326F2400E56BDD /* navgationBar */,
				5A0402D11E324FBF00E56BDD /* From */,
				5A0402D01E324F4800E56BDD /* button */,
				5A0402CB1E324F1A00E56BDD /* background */,
			);
			name = images;
			sourceTree = "<group>";
		};
		5A0402CA1E324BF800E56BDD /* Xib */ = {
			isa = PBXGroup;
			children = (
				5A0402BE1E32498400E56BDD /* LoginPage.xib */,
				5A0403191E33816800E56BDD /* PostPage.xib */,
			);
			name = Xib;
			sourceTree = "<group>";
		};
		5A0402CB1E324F1A00E56BDD /* background */ = {
			isa = PBXGroup;
			children = (
				5A04031E1E33D61600E56BDD /* Post_backgoud.png */,
				5A0402CC1E324F3300E56BDD /* signinbackground.png */,
				5A0402CD1E324F3400E56BDD /* loginbackground.png */,
			);
			name = background;
			sourceTree = "<group>";
		};
		5A0402D01E324F4800E56BDD /* button */ = {
			isa = PBXGroup;
			children = (
				5A0403261E33DC7400E56BDD /* Add Photo.png */,
				5A0403121E32F12000E56BDD /* location_button.png */,
				5A0402D41E32532100E56BDD /* signinbutton.png */,
				5A0402D51E32532100E56BDD /* LoginButtonLarge.png */,
				5A0402D61E32532100E56BDD /* SignupButtonLarge.png */,
			);
			name = button;
			sourceTree = "<group>";
		};
		5A0402D11E324FBF00E56BDD /* From */ = {
			isa = PBXGroup;
			children = (
				5A0402D21E32501200E56BDD /* signinForm.png */,
			);
			name = From;
			sourceTree = "<group>";
		};
		5A0402DA1E3258C000E56BDD /* Global */ = {
			isa = PBXGroup;
			children = (
				5A0402DB1E32590500E56BDD /* GlobalInfo.h */,
				5A0402DC1E32590500E56BDD /* GlobalInfo.m */,
				5A0402F81E32A88300E56BDD /* Location.h */,
				5A0402F91E32A88300E56BDD /* Location.m */,
			);
			name = Global;
			sourceTree = "<group>";
		};
		5A0402DE1E326F2400E56BDD /* navgationBar */ = {
			isa = PBXGroup;
			children = (
				5A0402DF1E326F7600E56BDD /* navgationbar.png */,
			);
			name = navgationBar;
			sourceTree = "<group>";
		};
		5A0402E11E326FD600E56BDD /* TabBar */ = {
			isa = PBXGroup;
			children = (
				5A0402FD1E32D5B200E56BDD /* tarbar1.png */,
				5A0402FB1E32D3FD00E56BDD /* tarbar.png */,
			);
			name = TabBar;
			sourceTree = "<group>";
		};
		5A0402EF1E327BE300E56BDD /* config */ = {
			isa = PBXGroup;
			children = (
				5A0402F01E327C2900E56BDD /* TabBarPages.plist */,
			);
			name = config;
			sourceTree = "<group>";
		};
		5A0402FF1E32D80500E56BDD /* icon */ = {
			isa = PBXGroup;
			children = (
				5A0403001E32D82300E56BDD /* icon_fire_tab.png */,
				5A0403011E32D82300E56BDD /* icon_fire.png */,
				5A0403021E32D82300E56BDD /* icon_me_tab.png */,
				5A0403031E32D82300E56BDD /* icon_me.png */,
				5A0403041E32D82300E56BDD /* icon_star_tab.png */,
				5A0403051E32D82300E56BDD /* icon_star.png */,
			);
			name = icon;
			sourceTree = "<group>";
		};
		5A0403281E349BC900E56BDD /* Cell */ = {
			isa = PBXGroup;
			children = (
			);
			name = Cell;
			sourceTree = "<group>";
		};
		5A0403291E349C3F00E56BDD /* Widget */ = {
			isa = PBXGroup;
			children = (
				5A04032A1E349CEC00E56BDD /* BaseWidget.h */,
				5A04032B1E349CEC00E56BDD /* BaseWidget.m */,
				5A04032D1E349D1B00E56BDD /* TableWidget.h */,
				5A04032E1E349D1B00E56BDD /* TableWidget.m */,
				5A04032F1E349D1B00E56BDD /* TableWidget.xib */,
			);
			name = Widget;
			sourceTree = "<group>";
		};
		656779FA9DCB854F9A4501AD /* Frameworks */ = {
			isa = PBXGroup;
			children = (
				5A0402F61E329ACC00E56BDD /* CoreLocation.framework */,
				78CB13C87DEB23A1B7398A16 /* libPods-ios_final.a */,
				EBADC668608ADBE3DDDFA527 /* libPods-ios_finalUITests.a */,
			);
			name = Frameworks;
			sourceTree = "<group>";
		};
/* End PBXGroup section */

/* Begin PBXNativeTarget section */
		5A0402791E32441600E56BDD /* ios_final */ = {
			isa = PBXNativeTarget;
			buildConfigurationList = 5A04029C1E32441600E56BDD /* Build configuration list for PBXNativeTarget "ios_final" */;
			buildPhases = (
				EA3ECDC5BB547E6F10363753 /* [CP] Check Pods Manifest.lock */,
				5A0402761E32441600E56BDD /* Sources */,
				5A0402771E32441600E56BDD /* Frameworks */,
				5A0402781E32441600E56BDD /* Resources */,
				B465D86EB64E2CCB78FC3F68 /* [CP] Embed Pods Frameworks */,
				99BB6FB37ACEA7C80B4382B4 /* [CP] Copy Pods Resources */,
			);
			buildRules = (
			);
			dependencies = (
			);
			name = ios_final;
			productName = ios_final;
			productReference = 5A04027A1E32441600E56BDD /* ios_final.app */;
			productType = "com.apple.product-type.application";
		};
		5A0402921E32441600E56BDD /* ios_finalUITests */ = {
			isa = PBXNativeTarget;
			buildConfigurationList = 5A04029F1E32441600E56BDD /* Build configuration list for PBXNativeTarget "ios_finalUITests" */;
			buildPhases = (
				2069CE4D484F9DF988FCA585 /* [CP] Check Pods Manifest.lock */,
				5A04028F1E32441600E56BDD /* Sources */,
				5A0402901E32441600E56BDD /* Frameworks */,
				5A0402911E32441600E56BDD /* Resources */,
				704A3639A0C8FF8BBFD2FFED /* [CP] Embed Pods Frameworks */,
				7A0406551515F351F57757A0 /* [CP] Copy Pods Resources */,
			);
			buildRules = (
			);
			dependencies = (
				5A0402951E32441600E56BDD /* PBXTargetDependency */,
			);
			name = ios_finalUITests;
			productName = ios_finalUITests;
			productReference = 5A0402931E32441600E56BDD /* ios_finalUITests.xctest */;
			productType = "com.apple.product-type.bundle.ui-testing";
		};
/* End PBXNativeTarget section */

/* Begin PBXProject section */
		5A0402721E32441600E56BDD /* Project object */ = {
			isa = PBXProject;
			attributes = {
				LastUpgradeCheck = 0820;
				ORGANIZATIONNAME = liu;
				TargetAttributes = {
					5A0402791E32441600E56BDD = {
						CreatedOnToolsVersion = 8.2.1;
						DevelopmentTeam = C3SQXZQM5G;
						ProvisioningStyle = Automatic;
					};
					5A0402921E32441600E56BDD = {
						CreatedOnToolsVersion = 8.2.1;
						ProvisioningStyle = Automatic;
						TestTargetID = 5A0402791E32441600E56BDD;
					};
				};
			};
			buildConfigurationList = 5A0402751E32441600E56BDD /* Build configuration list for PBXProject "ios_final" */;
			compatibilityVersion = "Xcode 3.2";
			developmentRegion = English;
			hasScannedForEncodings = 0;
			knownRegions = (
				en,
				Base,
			);
			mainGroup = 5A0402711E32441600E56BDD;
			productRefGroup = 5A04027B1E32441600E56BDD /* Products */;
			projectDirPath = "";
			projectRoot = "";
			targets = (
				5A0402791E32441600E56BDD /* ios_final */,
				5A0402921E32441600E56BDD /* ios_finalUITests */,
			);
		};
/* End PBXProject section */

/* Begin PBXResourcesBuildPhase section */
		5A0402781E32441600E56BDD /* Resources */ = {
			isa = PBXResourcesBuildPhase;
			buildActionMask = 2147483647;
			files = (
				5A0403311E349D1B00E56BDD /* TableWidget.xib in Resources */,
				5A04030A1E32D82400E56BDD /* icon_star_tab.png in Resources */,
				5A04028D1E32441600E56BDD /* LaunchScreen.storyboard in Resources */,
				5A04031D1E338ABF00E56BDD /* Content.html in Resources */,
				5A0402E01E326F7600E56BDD /* navgationbar.png in Resources */,
				5A04030B1E32D82400E56BDD /* icon_star.png in Resources */,
				5A04031B1E33816800E56BDD /* PostPage.xib in Resources */,
				5A0402D91E32532100E56BDD /* SignupButtonLarge.png in Resources */,
				5A0402A51E3246BD00E56BDD /* GoogleService-Info.plist in Resources */,
				5A0402C01E32498400E56BDD /* LoginPage.xib in Resources */,
				5A0402CE1E324F3400E56BDD /* signinbackground.png in Resources */,
				5A0403071E32D82400E56BDD /* icon_fire.png in Resources */,
				5A0402FE1E32D5B200E56BDD /* tarbar1.png in Resources */,
				5A0402D71E32532100E56BDD /* signinbutton.png in Resources */,
				5A0403061E32D82400E56BDD /* icon_fire_tab.png in Resources */,
				5A0403131E32F12000E56BDD /* location_button.png in Resources */,
				5A0402FC1E32D3FD00E56BDD /* tarbar.png in Resources */,
				5A04028A1E32441600E56BDD /* Assets.xcassets in Resources */,
				5A0402881E32441600E56BDD /* Main.storyboard in Resources */,
				5A0402D31E32501200E56BDD /* signinForm.png in Resources */,
				5A0402F11E327C2900E56BDD /* TabBarPages.plist in Resources */,
				5A0403091E32D82400E56BDD /* icon_me.png in Resources */,
				5A04031F1E33D61600E56BDD /* Post_backgoud.png in Resources */,
				5A0402CF1E324F3400E56BDD /* loginbackground.png in Resources */,
				5A0403081E32D82400E56BDD /* icon_me_tab.png in Resources */,
				5A0402D81E32532100E56BDD /* LoginButtonLarge.png in Resources */,
				5A0403271E33DC7400E56BDD /* Add Photo.png in Resources */,
			);
			runOnlyForDeploymentPostprocessing = 0;
		};
		5A0402911E32441600E56BDD /* Resources */ = {
			isa = PBXResourcesBuildPhase;
			buildActionMask = 2147483647;
			files = (
			);
			runOnlyForDeploymentPostprocessing = 0;
		};
/* End PBXResourcesBuildPhase section */

/* Begin PBXShellScriptBuildPhase section */
		2069CE4D484F9DF988FCA585 /* [CP] Check Pods Manifest.lock */ = {
			isa = PBXShellScriptBuildPhase;
			buildActionMask = 2147483647;
			files = (
			);
			inputPaths = (
			);
			name = "[CP] Check Pods Manifest.lock";
			outputPaths = (
			);
			runOnlyForDeploymentPostprocessing = 0;
			shellPath = /bin/sh;
			shellScript = "diff \"${PODS_ROOT}/../Podfile.lock\" \"${PODS_ROOT}/Manifest.lock\" > /dev/null\nif [ $? != 0 ] ; then\n    # print error to STDERR\n    echo \"error: The sandbox is not in sync with the Podfile.lock. Run 'pod install' or update your CocoaPods installation.\" >&2\n    exit 1\nfi\n";
			showEnvVarsInLog = 0;
		};
		704A3639A0C8FF8BBFD2FFED /* [CP] Embed Pods Frameworks */ = {
			isa = PBXShellScriptBuildPhase;
			buildActionMask = 2147483647;
			files = (
			);
			inputPaths = (
			);
			name = "[CP] Embed Pods Frameworks";
			outputPaths = (
			);
			runOnlyForDeploymentPostprocessing = 0;
			shellPath = /bin/sh;
			shellScript = "\"${SRCROOT}/Pods/Target Support Files/Pods-ios_finalUITests/Pods-ios_finalUITests-frameworks.sh\"\n";
			showEnvVarsInLog = 0;
		};
		7A0406551515F351F57757A0 /* [CP] Copy Pods Resources */ = {
			isa = PBXShellScriptBuildPhase;
			buildActionMask = 2147483647;
			files = (
			);
			inputPaths = (
			);
			name = "[CP] Copy Pods Resources";
			outputPaths = (
			);
			runOnlyForDeploymentPostprocessing = 0;
			shellPath = /bin/sh;
			shellScript = "\"${SRCROOT}/Pods/Target Support Files/Pods-ios_finalUITests/Pods-ios_finalUITests-resources.sh\"\n";
			showEnvVarsInLog = 0;
		};
		99BB6FB37ACEA7C80B4382B4 /* [CP] Copy Pods Resources */ = {
			isa = PBXShellScriptBuildPhase;
			buildActionMask = 2147483647;
			files = (
			);
			inputPaths = (
			);
			name = "[CP] Copy Pods Resources";
			outputPaths = (
			);
			runOnlyForDeploymentPostprocessing = 0;
			shellPath = /bin/sh;
			shellScript = "\"${SRCROOT}/Pods/Target Support Files/Pods-ios_final/Pods-ios_final-resources.sh\"\n";
			showEnvVarsInLog = 0;
		};
		B465D86EB64E2CCB78FC3F68 /* [CP] Embed Pods Frameworks */ = {
			isa = PBXShellScriptBuildPhase;
			buildActionMask = 2147483647;
			files = (
			);
			inputPaths = (
			);
			name = "[CP] Embed Pods Frameworks";
			outputPaths = (
			);
			runOnlyForDeploymentPostprocessing = 0;
			shellPath = /bin/sh;
			shellScript = "\"${SRCROOT}/Pods/Target Support Files/Pods-ios_final/Pods-ios_final-frameworks.sh\"\n";
			showEnvVarsInLog = 0;
		};
		EA3ECDC5BB547E6F10363753 /* [CP] Check Pods Manifest.lock */ = {
			isa = PBXShellScriptBuildPhase;
			buildActionMask = 2147483647;
			files = (
			);
			inputPaths = (
			);
			name = "[CP] Check Pods Manifest.lock";
			outputPaths = (
			);
			runOnlyForDeploymentPostprocessing = 0;
			shellPath = /bin/sh;
			shellScript = "diff \"${PODS_ROOT}/../Podfile.lock\" \"${PODS_ROOT}/Manifest.lock\" > /dev/null\nif [ $? != 0 ] ; then\n    # print error to STDERR\n    echo \"error: The sandbox is not in sync with the Podfile.lock. Run 'pod install' or update your CocoaPods installation.\" >&2\n    exit 1\nfi\n";
			showEnvVarsInLog = 0;
		};
/* End PBXShellScriptBuildPhase section */

/* Begin PBXSourcesBuildPhase section */
		5A0402761E32441600E56BDD /* Sources */ = {
			isa = PBXSourcesBuildPhase;
			buildActionMask = 2147483647;
			files = (
				5A0403161E330BDE00E56BDD /* PicsInfo.m in Sources */,
				5A04030E1E32D92700E56BDD /* mePage.m in Sources */,
				5A0402B81E3248EF00E56BDD /* BasePage.m in Sources */,
				5A0403301E349D1B00E56BDD /* TableWidget.m in Sources */,
				5A04031A1E33816800E56BDD /* PostPage.m in Sources */,
				5A0402FA1E32A88300E56BDD /* Location.m in Sources */,
				5A0402F41E328AC400E56BDD /* PicPages.m in Sources */,
				5A0402C41E32499800E56BDD /* HomePage.m in Sources */,
				5A0402A91E32477800E56BDD /* BaseInfo.m in Sources */,
				5A0402851E32441600E56BDD /* ViewController.m in Sources */,
				5A0402EE1E32748B00E56BDD /* PageInfo.m in Sources */,
				5A0402821E32441600E56BDD /* AppDelegate.m in Sources */,
				5A0402BF1E32498400E56BDD /* LoginPage.m in Sources */,
				5A0402DD1E32590500E56BDD /* GlobalInfo.m in Sources */,
				5A0402AF1E3247E400E56BDD /* UserInfo.m in Sources */,
				5A0403111E32D95400E56BDD /* gamePage.m in Sources */,
				5A04027F1E32441600E56BDD /* main.m in Sources */,
				5A04032C1E349CEC00E56BDD /* BaseWidget.m in Sources */,
				5A0402B41E3248BE00E56BDD /* BaseView.m in Sources */,
			);
			runOnlyForDeploymentPostprocessing = 0;
		};
		5A04028F1E32441600E56BDD /* Sources */ = {
			isa = PBXSourcesBuildPhase;
			buildActionMask = 2147483647;
			files = (
				5A0402981E32441600E56BDD /* ios_finalUITests.m in Sources */,
			);
			runOnlyForDeploymentPostprocessing = 0;
		};
/* End PBXSourcesBuildPhase section */

/* Begin PBXTargetDependency section */
		5A0402951E32441600E56BDD /* PBXTargetDependency */ = {
			isa = PBXTargetDependency;
			target = 5A0402791E32441600E56BDD /* ios_final */;
			targetProxy = 5A0402941E32441600E56BDD /* PBXContainerItemProxy */;
		};
/* End PBXTargetDependency section */

/* Begin PBXVariantGroup section */
		5A0402861E32441600E56BDD /* Main.storyboard */ = {
			isa = PBXVariantGroup;
			children = (
				5A0402871E32441600E56BDD /* Base */,
			);
			name = Main.storyboard;
			sourceTree = "<group>";
		};
		5A04028B1E32441600E56BDD /* LaunchScreen.storyboard */ = {
			isa = PBXVariantGroup;
			children = (
				5A04028C1E32441600E56BDD /* Base */,
			);
			name = LaunchScreen.storyboard;
			sourceTree = "<group>";
		};
/* End PBXVariantGroup section */

/* Begin XCBuildConfiguration section */
		5A04029A1E32441600E56BDD /* Debug */ = {
			isa = XCBuildConfiguration;
			buildSettings = {
				ALWAYS_SEARCH_USER_PATHS = NO;
				CLANG_ANALYZER_NONNULL = YES;
				CLANG_CXX_LANGUAGE_STANDARD = "gnu++0x";
				CLANG_CXX_LIBRARY = "libc++";
				CLANG_ENABLE_MODULES = YES;
				CLANG_ENABLE_OBJC_ARC = YES;
				CLANG_WARN_BOOL_CONVERSION = YES;
				CLANG_WARN_CONSTANT_CONVERSION = YES;
				CLANG_WARN_DIRECT_OBJC_ISA_USAGE = YES_ERROR;
				CLANG_WARN_DOCUMENTATION_COMMENTS = YES;
				CLANG_WARN_EMPTY_BODY = YES;
				CLANG_WARN_ENUM_CONVERSION = YES;
				CLANG_WARN_INFINITE_RECURSION = YES;
				CLANG_WARN_INT_CONVERSION = YES;
				CLANG_WARN_OBJC_ROOT_CLASS = YES_ERROR;
				CLANG_WARN_SUSPICIOUS_MOVE = YES;
				CLANG_WARN_UNREACHABLE_CODE = YES;
				CLANG_WARN__DUPLICATE_METHOD_MATCH = YES;
				"CODE_SIGN_IDENTITY[sdk=iphoneos*]" = "iPhone Developer";
				COPY_PHASE_STRIP = NO;
				DEBUG_INFORMATION_FORMAT = dwarf;
				ENABLE_STRICT_OBJC_MSGSEND = YES;
				ENABLE_TESTABILITY = YES;
				GCC_C_LANGUAGE_STANDARD = gnu99;
				GCC_DYNAMIC_NO_PIC = NO;
				GCC_NO_COMMON_BLOCKS = YES;
				GCC_OPTIMIZATION_LEVEL = 0;
				GCC_PREPROCESSOR_DEFINITIONS = (
					"DEBUG=1",
					"$(inherited)",
				);
				GCC_WARN_64_TO_32_BIT_CONVERSION = YES;
				GCC_WARN_ABOUT_RETURN_TYPE = YES_ERROR;
				GCC_WARN_UNDECLARED_SELECTOR = YES;
				GCC_WARN_UNINITIALIZED_AUTOS = YES_AGGRESSIVE;
				GCC_WARN_UNUSED_FUNCTION = YES;
				GCC_WARN_UNUSED_VARIABLE = YES;
				IPHONEOS_DEPLOYMENT_TARGET = 10.2;
				MTL_ENABLE_DEBUG_INFO = YES;
				ONLY_ACTIVE_ARCH = YES;
				SDKROOT = iphoneos;
			};
			name = Debug;
		};
		5A04029B1E32441600E56BDD /* Release */ = {
			isa = XCBuildConfiguration;
			buildSettings = {
				ALWAYS_SEARCH_USER_PATHS = NO;
				CLANG_ANALYZER_NONNULL = YES;
				CLANG_CXX_LANGUAGE_STANDARD = "gnu++0x";
				CLANG_CXX_LIBRARY = "libc++";
				CLANG_ENABLE_MODULES = YES;
				CLANG_ENABLE_OBJC_ARC = YES;
				CLANG_WARN_BOOL_CONVERSION = YES;
				CLANG_WARN_CONSTANT_CONVERSION = YES;
				CLANG_WARN_DIRECT_OBJC_ISA_USAGE = YES_ERROR;
				CLANG_WARN_DOCUMENTATION_COMMENTS = YES;
				CLANG_WARN_EMPTY_BODY = YES;
				CLANG_WARN_ENUM_CONVERSION = YES;
				CLANG_WARN_INFINITE_RECURSION = YES;
				CLANG_WARN_INT_CONVERSION = YES;
				CLANG_WARN_OBJC_ROOT_CLASS = YES_ERROR;
				CLANG_WARN_SUSPICIOUS_MOVE = YES;
				CLANG_WARN_UNREACHABLE_CODE = YES;
				CLANG_WARN__DUPLICATE_METHOD_MATCH = YES;
				"CODE_SIGN_IDENTITY[sdk=iphoneos*]" = "iPhone Developer";
				COPY_PHASE_STRIP = NO;
				DEBUG_INFORMATION_FORMAT = "dwarf-with-dsym";
				ENABLE_NS_ASSERTIONS = NO;
				ENABLE_STRICT_OBJC_MSGSEND = YES;
				GCC_C_LANGUAGE_STANDARD = gnu99;
				GCC_NO_COMMON_BLOCKS = YES;
				GCC_WARN_64_TO_32_BIT_CONVERSION = YES;
				GCC_WARN_ABOUT_RETURN_TYPE = YES_ERROR;
				GCC_WARN_UNDECLARED_SELECTOR = YES;
				GCC_WARN_UNINITIALIZED_AUTOS = YES_AGGRESSIVE;
				GCC_WARN_UNUSED_FUNCTION = YES;
				GCC_WARN_UNUSED_VARIABLE = YES;
				IPHONEOS_DEPLOYMENT_TARGET = 10.2;
				MTL_ENABLE_DEBUG_INFO = NO;
				SDKROOT = iphoneos;
				VALIDATE_PRODUCT = YES;
			};
			name = Release;
		};
		5A04029D1E32441600E56BDD /* Debug */ = {
			isa = XCBuildConfiguration;
			baseConfigurationReference = A810EBB5CDFC7BB1CFC46EF3 /* Pods-ios_final.debug.xcconfig */;
			buildSettings = {
				ASSETCATALOG_COMPILER_APPICON_NAME = AppIcon;
				"CODE_SIGN_IDENTITY[sdk=iphoneos*]" = "iPhone Developer";
				DEVELOPMENT_TEAM = C3SQXZQM5G;
				INFOPLIST_FILE = ios_final/Info.plist;
				LD_RUNPATH_SEARCH_PATHS = "$(inherited) @executable_path/Frameworks";
				PRODUCT_BUNDLE_IDENTIFIER = "com.sheffield.ios-final";
				PRODUCT_NAME = "$(TARGET_NAME)";
			};
			name = Debug;
		};
		5A04029E1E32441600E56BDD /* Release */ = {
			isa = XCBuildConfiguration;
			baseConfigurationReference = EF048D7B23684E6EAA257763 /* Pods-ios_final.release.xcconfig */;
			buildSettings = {
				ASSETCATALOG_COMPILER_APPICON_NAME = AppIcon;
				"CODE_SIGN_IDENTITY[sdk=iphoneos*]" = "iPhone Developer";
				DEVELOPMENT_TEAM = C3SQXZQM5G;
				INFOPLIST_FILE = ios_final/Info.plist;
				LD_RUNPATH_SEARCH_PATHS = "$(inherited) @executable_path/Frameworks";
				PRODUCT_BUNDLE_IDENTIFIER = "com.sheffield.ios-final";
				PRODUCT_NAME = "$(TARGET_NAME)";
			};
			name = Release;
		};
		5A0402A01E32441600E56BDD /* Debug */ = {
			isa = XCBuildConfiguration;
			baseConfigurationReference = E38872929650A2F3548D7ED1 /* Pods-ios_finalUITests.debug.xcconfig */;
			buildSettings = {
				INFOPLIST_FILE = ios_finalUITests/Info.plist;
				LD_RUNPATH_SEARCH_PATHS = "$(inherited) @executable_path/Frameworks @loader_path/Frameworks";
				PRODUCT_BUNDLE_IDENTIFIER = "com.sheffield.ios-finalUITests";
				PRODUCT_NAME = "$(TARGET_NAME)";
				TEST_TARGET_NAME = ios_final;
			};
			name = Debug;
		};
		5A0402A11E32441600E56BDD /* Release */ = {
			isa = XCBuildConfiguration;
			baseConfigurationReference = F565635C7A5DDAC4E13B15CB /* Pods-ios_finalUITests.release.xcconfig */;
			buildSettings = {
				INFOPLIST_FILE = ios_finalUITests/Info.plist;
				LD_RUNPATH_SEARCH_PATHS = "$(inherited) @executable_path/Frameworks @loader_path/Frameworks";
				PRODUCT_BUNDLE_IDENTIFIER = "com.sheffield.ios-finalUITests";
				PRODUCT_NAME = "$(TARGET_NAME)";
				TEST_TARGET_NAME = ios_final;
			};
			name = Release;
		};
/* End XCBuildConfiguration section */

/* Begin XCConfigurationList section */
		5A0402751E32441600E56BDD /* Build configuration list for PBXProject "ios_final" */ = {
			isa = XCConfigurationList;
			buildConfigurations = (
				5A04029A1E32441600E56BDD /* Debug */,
				5A04029B1E32441600E56BDD /* Release */,
			);
			defaultConfigurationIsVisible = 0;
			defaultConfigurationName = Release;
		};
		5A04029C1E32441600E56BDD /* Build configuration list for PBXNativeTarget "ios_final" */ = {
			isa = XCConfigurationList;
			buildConfigurations = (
				5A04029D1E32441600E56BDD /* Debug */,
				5A04029E1E32441600E56BDD /* Release */,
			);
			defaultConfigurationIsVisible = 0;
			defaultConfigurationName = Release;
		};
		5A04029F1E32441600E56BDD /* Build configuration list for PBXNativeTarget "ios_finalUITests" */ = {
			isa = XCConfigurationList;
			buildConfigurations = (
				5A0402A01E32441600E56BDD /* Debug */,
				5A0402A11E32441600E56BDD /* Release */,
			);
			defaultConfigurationIsVisible = 0;
			defaultConfigurationName = Release;
		};
/* End XCConfigurationList section */
	};
	rootObject = 5A0402721E32441600E56BDD /* Project object */;
}
